
Microsoft Visual Studio Solution File, Format Version 12.00
# Visual Studio Version 17
VisualStudioVersion = 17.4.33213.308
MinimumVisualStudioVersion = 10.0.40219.1
Project("{FAE04EC0-301F-11D3-BF4B-00C04F79EFBC}") = "CanvasDragNDrop", "CanvasDragNDrop\CanvasDragNDrop.csproj", "{8AAFA445-6948-48E6-8644-2896B8119DB5}"
EndProject
Global
	GlobalSection(SolutionConfigurationPlatforms) = preSolution
		Debug|Any CPU = Debug|Any CPU
		Release|Any CPU = Release|Any CPU
	EndGlobalSection
	GlobalSection(ProjectConfigurationPlatforms) = postSolution
		{8AAFA445-6948-48E6-8644-2896B8119DB5}.Debug|Any CPU.ActiveCfg = Debug|Any CPU
		{8AAFA445-6948-48E6-8644-2896B8119DB5}.Debug|Any CPU.Build.0 = Debug|Any CPU
		{8AAFA445-6948-48E6-8644-2896B8119DB5}.Release|Any CPU.ActiveCfg = Release|Any CPU
		{8AAFA445-6948-48E6-8644-2896B8119DB5}.Release|Any CPU.Build.0 = Release|Any CPU
	EndGlobalSection
	GlobalSection(SolutionProperties) = preSolution
		HideSolutionNode = FALSE
	EndGlobalSection
	GlobalSection(ExtensibilityGlobals) = postSolution
		SolutionGuid = {34F9D8A2-351B-45EF-B83B-93E3F1BCE089}
	EndGlobalSection
EndGlobal
